<?xml version="1.0" encoding="utf-8"?>
<Project ToolsVersion="4.0" xmlns="http://schemas.microsoft.com/developer/msbuild/2003">
  <ItemGroup>
    <ClCompile Include="GameObject\Enemys\EnemyCore\EnemyTakanori.cpp" />
    <ClCompile Include="GameObject\Enemys\EnemyManager.cpp" />
    <ClCompile Include="GameObject\Enemys\HitEffect\HitEffect.cpp" />
    <ClCompile Include="GameObject\GamePlayUI\GamePlayUIBase.cpp" />
    <ClCompile Include="GameObject\GamePlayUI\GameUI.cpp" />
    <ClCompile Include="GameObject\GamePlayUI\back\TemperatureBackUI.cpp" />
    <ClCompile Include="GameObject\GamePlayUI\gaugeMarking\TemperatureGaugeMarking.cpp" />
    <ClCompile Include="GameObject\GamePlayUI\gauge\TemperatureGauge.cpp" />
    <ClCompile Include="GameObject\Paramerter\ParamBase.cpp" />
    <ClCompile Include="GameObject\Player\PlayerState\IPlayerState.cpp" />
    <ClCompile Include="GameObject\Player\Player.cpp" />
    <ClCompile Include="GameObject\Player\PlayerBullet\PlayerBullet.cpp" />
    <ClCompile Include="GameObject\Player\PlayerCamera\PlayerCamera.cpp" />
    <ClCompile Include="GameObject\Player\PlayerManager.cpp" />
    <ClCompile Include="GameObject\Player\PlayerState\PlayerAttack.cpp" />
    <ClCompile Include="GameObject\Player\PlayerState\PlayerHitState.cpp" />
    <ClCompile Include="GameObject\Player\PlayerState\PlayerNone.cpp" />
    <ClCompile Include="GameObject\Secne\GameScene.cpp" />
    <ClCompile Include="GameObject\Secne\BlackScreenTransition.cpp" />
    <ClCompile Include="GameObject\Util\EnvironmentObject\EnvironmentObject.cpp" />
    <ClCompile Include="GameObject\Util\RailFunc\Rail.cpp" />
    <ClCompile Include="GameObject\Util\Random\RandomGenerator.cpp" />
    <ClCompile Include="GameObject\Util\SceneLoader.cpp" />
    <ClCompile Include="main.cpp" />
    <ClCompile Include="GameObject\Secne\TitleScene.cpp" />
    <ClCompile Include="GameObject\Secne\TitleUI\LogoUI\TitleLogo.cpp" />
    <ClCompile Include="GameObject\Secne\TitleUI\SubUI\SubUI_Manager.cpp" />
    <ClCompile Include="GameObject\Secne\TitleUI\SelectUI\SelectUI.cpp" />
    <ClCompile Include="GameObject\Secne\TutorialScene.cpp" />
    <ClCompile Include="GameObject\Secne\GameClear.cpp" />
    <ClCompile Include="GameObject\Secne\GameOver.cpp" />
    <ClCompile Include="GameObject\Enemys\EnemyCore\EnemyState\EnemyNoneState.cpp" />
    <ClCompile Include="GameObject\Enemys\EnemyCore\EnemyState\EnemyMoveState.cpp" />
    <ClCompile Include="GameObject\Secne\GameOverUI\GameOverUI.cpp" />
  </ItemGroup>
  <ItemGroup>
    <ClInclude Include="GameObject\Enemys\EnemyBase.h" />
    <ClInclude Include="GameObject\Enemys\EnemyCore\EnemyTakanori.h" />
    <ClInclude Include="GameObject\Enemys\EnemyManager.h" />
    <ClInclude Include="GameObject\Enemys\HitEffect\HitEffect.h" />
    <ClInclude Include="GameObject\GamePlayUI\GamePlayUIBase.h" />
    <ClInclude Include="GameObject\GamePlayUI\GameUI.h" />
    <ClInclude Include="GameObject\GamePlayUI\gaugeMarking\TemperatureGaugeMarking.h" />
    <ClInclude Include="GameObject\GamePlayUI\gauge\TemperatureGauge.h" />
    <ClInclude Include="GameObject\GamePlayUI\Temperature.h" />
    <ClInclude Include="GameObject\GamePlayUI\back\TemperatureBackUI.h" />
    <ClInclude Include="GameObject\Paramerter\ParamBase.h" />
    <ClInclude Include="GameObject\Player\PlayerState\IPlayerState.h" />
    <ClInclude Include="GameObject\Player\Player.h" />
    <ClInclude Include="GameObject\Player\PlayerBullet\PlayerBullet.h" />
    <ClInclude Include="GameObject\Player\PlayerCamera\PlayerCamera.h" />
    <ClInclude Include="GameObject\Player\PlayerManager.h" />
    <ClInclude Include="GameObject\Player\PlayerState\PlayerAttack.h" />
    <ClInclude Include="GameObject\Player\PlayerState\PlayerHitState.h" />
    <ClInclude Include="GameObject\Player\PlayerState\PlayerNone.h" />
    <ClInclude Include="GameObject\Secne\GameScene.h" />
    <ClInclude Include="GameObject\Secne\TitleScene.h" />
    <ClInclude Include="GameObject\Secne\TitleUI\SelectUI\SeletUI_GameOver.h" />
    <ClInclude Include="GameObject\Secne\TitleUI\SubUI\A_ButtonUI\A_Button.h" />
    <ClInclude Include="GameObject\Secne\TitleUI\SubUI\Background\Background.h" />
    <ClInclude Include="GameObject\Secne\TitleUI\SubUI\ControllerUI\Controller.h" />
    <ClInclude Include="GameObject\Secne\TitleUI\SubUI\ISubUI.h" />
    <ClInclude Include="GameObject\Secne\TitleUI\LogoUI\ITitleLogoUI.h" />
    <ClInclude Include="GameObject\Secne\TitleUI\LogoUI\TitleLogo.h" />
    <ClInclude Include="GameObject\Secne\TitleUI\LogoUI\TitleLogo_HOT.h" />
    <ClInclude Include="GameObject\Secne\TitleUI\LogoUI\TitleLogo_WHITE.h" />
    <ClInclude Include="GameObject\Secne\TitleUI\SelectUI\ISelectUI.h" />
    <ClInclude Include="GameObject\Secne\TitleUI\SelectUI\SeletUI_GameState.h" />
    <ClInclude Include="GameObject\Secne\TitleUI\SelectUI\SeletUI_Tutorial.h" />
    <ClInclude Include="GameObject\Secne\TitleUI\SubUI\SubUI_Manager.h" />
    <ClInclude Include="GameObject\Secne\TitleUI\SelectUI\SelectUI.h" />
    <ClInclude Include="GameObject\Util\EnvironmentObject\EnvironmentObject.h" />
    <ClInclude Include="GameObject\Util\RailFunc\Rail.h" />
    <ClInclude Include="GameObject\Util\Random\RandomGenerator.h" />
    <ClInclude Include="GameObject\Util\SceneLoader.h" />
    <ClInclude Include="GameObject\WorldSpeed\WorldSpeed.h" />
    <ClInclude Include="GameObject\Secne\BlackScreenTransition.h" />
    <ClInclude Include="GameObject\Secne\TutorialScene.h" />
    <ClInclude Include="GameObject\Secne\GameClear.h" />
    <ClInclude Include="GameObject\Secne\GameOver.h" />
    <ClInclude Include="GameObject\Enemys\EnemyCore\EnemyState\IEnemyState.h" />
    <ClInclude Include="GameObject\Enemys\EnemyCore\EnemyState\EnemyNoneState.h" />
    <ClInclude Include="GameObject\Enemys\EnemyCore\EnemyState\EnemyMoveState.h" />
    <ClInclude Include="GameObject\Secne\GameOverUI\GameOverUI.h" />
  </ItemGroup>
</Project>