<?xml version="1.0" encoding="utf-8"?>
<Project ToolsVersion="4.0" xmlns="http://schemas.microsoft.com/developer/msbuild/2003">
  <ItemGroup>
    <ClCompile Include="GameObject\Enemys\EnemyCore\EnemyTakanori.cpp" />
    <ClCompile Include="GameObject\Enemys\EnemyManager.cpp" />
    <ClCompile Include="GameObject\Paramerter\ParamBase.cpp" />
    <ClCompile Include="GameObject\Player\Player.cpp" />
    <ClCompile Include="GameObject\Player\PlayerBullet\PlayerBullet.cpp" />
    <ClCompile Include="GameObject\Player\PlayerCamera\PlayerCamera.cpp" />
    <ClCompile Include="GameObject\Player\PlayerManager.cpp" />
    <ClCompile Include="GameObject\Secne\GameScene.cpp" />
    <ClCompile Include="GameObject\Util\EnvironmentObject\EnvironmentObject.cpp" />
    <ClCompile Include="GameObject\Util\RailFunc\Rail.cpp" />
    <ClCompile Include="GameObject\Util\SceneLoader.cpp" />
    <ClCompile Include="main.cpp" />
    <ClCompile Include="GameObject\Secne\TitleSecne.cpp" />
    <ClCompile Include="GameObject\Secne\TitleUI\LogoUI\TitleLogo.cpp" />
    <ClCompile Include="GameObject\Secne\TitleUI\SubUI\SubUI_Manager.cpp" />
    <ClCompile Include="GameObject\Secne\TitleUI\SelectUI\SelectUI.cpp" />
  </ItemGroup>
  <ItemGroup>
    <ClInclude Include="GameObject\Enemys\EnemyBase.h" />
    <ClInclude Include="GameObject\Enemys\EnemyCore\EnemyTakanori.h" />
    <ClInclude Include="GameObject\Enemys\EnemyManager.h" />
    <ClInclude Include="GameObject\Paramerter\ParamBase.h" />
    <ClInclude Include="GameObject\Player\Player.h" />
    <ClInclude Include="GameObject\Player\PlayerBullet\PlayerBullet.h" />
    <ClInclude Include="GameObject\Player\PlayerCamera\PlayerCamera.h" />
    <ClInclude Include="GameObject\Player\PlayerManager.h" />
    <ClInclude Include="GameObject\Secne\GameScene.h" />
    <ClInclude Include="GameObject\Secne\TitleSecne.h" />
    <ClInclude Include="GameObject\Secne\TitleUI\SubUI\A_ButtonUI\A_Button.h" />
    <ClInclude Include="GameObject\Secne\TitleUI\SubUI\Background\Background.h" />
    <ClInclude Include="GameObject\Secne\TitleUI\SubUI\ControllerUI\Controller.h" />
    <ClInclude Include="GameObject\Secne\TitleUI\SubUI\ISubUI.h" />
    <ClInclude Include="GameObject\Secne\TitleUI\LogoUI\ITitleLogoUI.h" />
    <ClInclude Include="GameObject\Secne\TitleUI\LogoUI\TitleLogo.h" />
    <ClInclude Include="GameObject\Secne\TitleUI\LogoUI\TitleLogo_HOT.h" />
    <ClInclude Include="GameObject\Secne\TitleUI\LogoUI\TitleLogo_WHITE.h" />
    <ClInclude Include="GameObject\Secne\TitleUI\SelectUI\ISelectUI.h" />
    <ClInclude Include="GameObject\Secne\TitleUI\SelectUI\SeletUI_GameState.h" />
    <ClInclude Include="GameObject\Secne\TitleUI\SelectUI\SeletUI_Options.h" />
    <ClInclude Include="GameObject\Secne\TitleUI\SubUI\SubUI_Manager.h" />
    <ClInclude Include="GameObject\Secne\TitleUI\SelectUI\SelectUI.h" />
    <ClInclude Include="GameObject\Util\EnvironmentObject\EnvironmentObject.h" />
    <ClInclude Include="GameObject\Util\RailFunc\Rail.h" />
    <ClInclude Include="GameObject\Util\SceneLoader.h" />
    <ClInclude Include="GameObject\WorldSpeed\WorldSpeed.h" />
  </ItemGroup>
</Project>